
Microsoft Visual Studio Solution File, Format Version 12.00
# Visual Studio 15
VisualStudioVersion = 15.0.28010.2036
MinimumVisualStudioVersion = 10.0.40219.1
Project("{FAE04EC0-301F-11D3-BF4B-00C04F79EFBC}") = "DocumentExport", "DocumentExport\DocumentExport.csproj", "{87330ECB-DEAC-4839-B98D-9B3808D33E33}"
EndProject
Project("{FAE04EC0-301F-11D3-BF4B-00C04F79EFBC}") = "DocumentExport.UI", "DocumentExport.UI\DocumentExport.UI.csproj", "{58DB6BC0-E40A-4DC8-AA22-6D27ABB28E61}"
EndProject
Global
	GlobalSection(SolutionConfigurationPlatforms) = preSolution
		Debug|Any CPU = Debug|Any CPU
		Release|Any CPU = Release|Any CPU
	EndGlobalSection
	GlobalSection(ProjectConfigurationPlatforms) = postSolution
		{87330ECB-DEAC-4839-B98D-9B3808D33E33}.Debug|Any CPU.ActiveCfg = Debug|Any CPU
		{87330ECB-DEAC-4839-B98D-9B3808D33E33}.Debug|Any CPU.Build.0 = Debug|Any CPU
		{87330ECB-DEAC-4839-B98D-9B3808D33E33}.Release|Any CPU.ActiveCfg = Release|Any CPU
		{87330ECB-DEAC-4839-B98D-9B3808D33E33}.Release|Any CPU.Build.0 = Release|Any CPU
		{58DB6BC0-E40A-4DC8-AA22-6D27ABB28E61}.Debug|Any CPU.ActiveCfg = Debug|Any CPU
		{58DB6BC0-E40A-4DC8-AA22-6D27ABB28E61}.Debug|Any CPU.Build.0 = Debug|Any CPU
		{58DB6BC0-E40A-4DC8-AA22-6D27ABB28E61}.Release|Any CPU.ActiveCfg = Release|Any CPU
		{58DB6BC0-E40A-4DC8-AA22-6D27ABB28E61}.Release|Any CPU.Build.0 = Release|Any CPU
	EndGlobalSection
	GlobalSection(SolutionProperties) = preSolution
		HideSolutionNode = FALSE
	EndGlobalSection
	GlobalSection(ExtensibilityGlobals) = postSolution
		SolutionGuid = {47626C26-91D8-4F9B-9499-0F0828A75BD6}
	EndGlobalSection
EndGlobal
